// !$*UTF8*$!
{
	archiveVersion = 1;
	classes = {
	};
	objectVersion = 55;
	objects = {

/* Begin PBXBuildFile section */
		FE63AD8C285E07F000657A76 /* ExtendedSessionService.swift in Sources */ = {isa = PBXBuildFile; fileRef = FE63AD8B285E07F000657A76 /* ExtendedSessionService.swift */; };
		FE63AD8E285EFA0800657A76 /* MoreView.swift in Sources */ = {isa = PBXBuildFile; fileRef = FE63AD8D285EFA0800657A76 /* MoreView.swift */; };
		FE63AD90285EFCA800657A76 /* AppStatePersistence.swift in Sources */ = {isa = PBXBuildFile; fileRef = FE63AD8F285EFCA800657A76 /* AppStatePersistence.swift */; };
		FE63AD94285F122F00657A76 /* WKHapticType.swift in Sources */ = {isa = PBXBuildFile; fileRef = FE63AD93285F122F00657A76 /* WKHapticType.swift */; };
		FE9D613D2854986C006BFE2D /* PushNotification-Buttons.apns in Resources */ = {isa = PBXBuildFile; fileRef = FE9D613A2854986C006BFE2D /* PushNotification-Buttons.apns */; };
		FE9D613E2854986C006BFE2D /* PushNotification-Simple.apns in Resources */ = {isa = PBXBuildFile; fileRef = FE9D613B2854986C006BFE2D /* PushNotification-Simple.apns */; };
		FE9D61432855CFC6006BFE2D /* PushNotificationsGate.swift in Sources */ = {isa = PBXBuildFile; fileRef = FE9D61422855CFC6006BFE2D /* PushNotificationsGate.swift */; };
		FE9D614B2855D055006BFE2D /* HealthKit.framework in Frameworks */ = {isa = PBXBuildFile; fileRef = FE9D614A2855D055006BFE2D /* HealthKit.framework */; };
		FE9D614D2855D069006BFE2D /* MapKit.framework in Frameworks */ = {isa = PBXBuildFile; fileRef = FE9D614C2855D069006BFE2D /* MapKit.framework */; };
		FE9D614F2855D259006BFE2D /* GatesKeeper.swift in Sources */ = {isa = PBXBuildFile; fileRef = FE9D614E2855D259006BFE2D /* GatesKeeper.swift */; };
		FE9D61522855D307006BFE2D /* Logger.swift in Sources */ = {isa = PBXBuildFile; fileRef = FE9D61512855D307006BFE2D /* Logger.swift */; };
		FE9D61542855D76A006BFE2D /* Services.swift in Sources */ = {isa = PBXBuildFile; fileRef = FE9D61532855D76A006BFE2D /* Services.swift */; };
		FE9D61572855D987006BFE2D /* DataExtensions.swift in Sources */ = {isa = PBXBuildFile; fileRef = FE9D61562855D987006BFE2D /* DataExtensions.swift */; };
		FE9D61592855E687006BFE2D /* WristWatchAppDelegate.swift in Sources */ = {isa = PBXBuildFile; fileRef = FE9D61582855E687006BFE2D /* WristWatchAppDelegate.swift */; };
		FEB675792854743D005771BD /* Ticky-Ticky.app in Embed Watch Content */ = {isa = PBXBuildFile; fileRef = FEB675782854743D005771BD /* Ticky-Ticky.app */; settings = {ATTRIBUTES = (RemoveHeadersOnCopy, ); }; };
		FEB6757E2854743E005771BD /* Assets.xcassets in Resources */ = {isa = PBXBuildFile; fileRef = FEB6757D2854743E005771BD /* Assets.xcassets */; };
		FEB675842854743E005771BD /* TickyTickyWatchAppExtension.appex in Embed App Extensions */ = {isa = PBXBuildFile; fileRef = FEB675832854743E005771BD /* TickyTickyWatchAppExtension.appex */; settings = {ATTRIBUTES = (RemoveHeadersOnCopy, ); }; };
		FEB675892854743E005771BD /* WristWatchApp.swift in Sources */ = {isa = PBXBuildFile; fileRef = FEB675882854743E005771BD /* WristWatchApp.swift */; };
		FEB6758B2854743E005771BD /* ContentView.swift in Sources */ = {isa = PBXBuildFile; fileRef = FEB6758A2854743E005771BD /* ContentView.swift */; };
		FEB6758D2854743E005771BD /* NotificationController.swift in Sources */ = {isa = PBXBuildFile; fileRef = FEB6758C2854743E005771BD /* NotificationController.swift */; };
		FEB6758F2854743E005771BD /* NotificationView.swift in Sources */ = {isa = PBXBuildFile; fileRef = FEB6758E2854743E005771BD /* NotificationView.swift */; };
		FEB675912854743E005771BD /* ComplicationController.swift in Sources */ = {isa = PBXBuildFile; fileRef = FEB675902854743E005771BD /* ComplicationController.swift */; };
		FEB675932854743E005771BD /* Assets.xcassets in Resources */ = {isa = PBXBuildFile; fileRef = FEB675922854743E005771BD /* Assets.xcassets */; };
		FEB675962854743E005771BD /* Preview Assets.xcassets in Resources */ = {isa = PBXBuildFile; fileRef = FEB675952854743E005771BD /* Preview Assets.xcassets */; };
		FEB675A22854743E005771BD /* WristWatchTests.swift in Sources */ = {isa = PBXBuildFile; fileRef = FEB675A12854743E005771BD /* WristWatchTests.swift */; };
		FEE8B190291BED0E0070D270 /* SiteView.swift in Sources */ = {isa = PBXBuildFile; fileRef = FEE8B18F291BED0E0070D270 /* SiteView.swift */; };
/* End PBXBuildFile section */

/* Begin PBXContainerItemProxy section */
		FEB6757A2854743D005771BD /* PBXContainerItemProxy */ = {
			isa = PBXContainerItemProxy;
			containerPortal = FEB6756E2854743D005771BD /* Project object */;
			proxyType = 1;
			remoteGlobalIDString = FEB675772854743D005771BD;
			remoteInfo = "WristWatch WatchKit App";
		};
		FEB675852854743E005771BD /* PBXContainerItemProxy */ = {
			isa = PBXContainerItemProxy;
			containerPortal = FEB6756E2854743D005771BD /* Project object */;
			proxyType = 1;
			remoteGlobalIDString = FEB675822854743E005771BD;
			remoteInfo = "WristWatch WatchKit Extension";
		};
		FEB6759E2854743E005771BD /* PBXContainerItemProxy */ = {
			isa = PBXContainerItemProxy;
			containerPortal = FEB6756E2854743D005771BD /* Project object */;
			proxyType = 1;
			remoteGlobalIDString = FEB675822854743E005771BD;
			remoteInfo = "WristWatch WatchKit Extension";
		};
/* End PBXContainerItemProxy section */

/* Begin PBXCopyFilesBuildPhase section */
		FEB675B42854743E005771BD /* Embed App Extensions */ = {
			isa = PBXCopyFilesBuildPhase;
			buildActionMask = 2147483647;
			dstPath = "";
			dstSubfolderSpec = 13;
			files = (
				FEB675842854743E005771BD /* TickyTickyWatchAppExtension.appex in Embed App Extensions */,
			);
			name = "Embed App Extensions";
			runOnlyForDeploymentPostprocessing = 0;
		};
		FEB675B82854743E005771BD /* Embed Watch Content */ = {
			isa = PBXCopyFilesBuildPhase;
			buildActionMask = 2147483647;
			dstPath = "$(CONTENTS_FOLDER_PATH)/Watch";
			dstSubfolderSpec = 16;
			files = (
				FEB675792854743D005771BD /* Ticky-Ticky.app in Embed Watch Content */,
			);
			name = "Embed Watch Content";
			runOnlyForDeploymentPostprocessing = 0;
		};
/* End PBXCopyFilesBuildPhase section */

/* Begin PBXFileReference section */
		FE63AD8B285E07F000657A76 /* ExtendedSessionService.swift */ = {isa = PBXFileReference; lastKnownFileType = sourcecode.swift; path = ExtendedSessionService.swift; sourceTree = "<group>"; };
		FE63AD8D285EFA0800657A76 /* MoreView.swift */ = {isa = PBXFileReference; lastKnownFileType = sourcecode.swift; path = MoreView.swift; sourceTree = "<group>"; };
		FE63AD8F285EFCA800657A76 /* AppStatePersistence.swift */ = {isa = PBXFileReference; lastKnownFileType = sourcecode.swift; path = AppStatePersistence.swift; sourceTree = "<group>"; };
		FE63AD93285F122F00657A76 /* WKHapticType.swift */ = {isa = PBXFileReference; lastKnownFileType = sourcecode.swift; path = WKHapticType.swift; sourceTree = "<group>"; };
		FE9D613A2854986C006BFE2D /* PushNotification-Buttons.apns */ = {isa = PBXFileReference; fileEncoding = 4; lastKnownFileType = text; path = "PushNotification-Buttons.apns"; sourceTree = "<group>"; };
		FE9D613B2854986C006BFE2D /* PushNotification-Simple.apns */ = {isa = PBXFileReference; fileEncoding = 4; lastKnownFileType = text; path = "PushNotification-Simple.apns"; sourceTree = "<group>"; };
		FE9D61422855CFC6006BFE2D /* PushNotificationsGate.swift */ = {isa = PBXFileReference; lastKnownFileType = sourcecode.swift; path = PushNotificationsGate.swift; sourceTree = "<group>"; };
		FE9D61472855D023006BFE2D /* AwarenessApp.entitlements */ = {isa = PBXFileReference; lastKnownFileType = text.plist.entitlements; path = AwarenessApp.entitlements; sourceTree = "<group>"; };
		FE9D61482855D02C006BFE2D /* AwarenessExtension.entitlements */ = {isa = PBXFileReference; lastKnownFileType = text.plist.entitlements; path = AwarenessExtension.entitlements; sourceTree = "<group>"; };
		FE9D614A2855D055006BFE2D /* HealthKit.framework */ = {isa = PBXFileReference; lastKnownFileType = wrapper.framework; name = HealthKit.framework; path = Platforms/WatchOS.platform/Developer/SDKs/WatchOS8.5.sdk/System/Library/Frameworks/HealthKit.framework; sourceTree = DEVELOPER_DIR; };
		FE9D614C2855D069006BFE2D /* MapKit.framework */ = {isa = PBXFileReference; lastKnownFileType = wrapper.framework; name = MapKit.framework; path = Platforms/WatchOS.platform/Developer/SDKs/WatchOS8.5.sdk/System/Library/Frameworks/MapKit.framework; sourceTree = DEVELOPER_DIR; };
		FE9D614E2855D259006BFE2D /* GatesKeeper.swift */ = {isa = PBXFileReference; lastKnownFileType = sourcecode.swift; path = GatesKeeper.swift; sourceTree = "<group>"; };
		FE9D61512855D307006BFE2D /* Logger.swift */ = {isa = PBXFileReference; lastKnownFileType = sourcecode.swift; path = Logger.swift; sourceTree = "<group>"; };
		FE9D61532855D76A006BFE2D /* Services.swift */ = {isa = PBXFileReference; lastKnownFileType = sourcecode.swift; path = Services.swift; sourceTree = "<group>"; };
		FE9D61562855D987006BFE2D /* DataExtensions.swift */ = {isa = PBXFileReference; lastKnownFileType = sourcecode.swift; path = DataExtensions.swift; sourceTree = "<group>"; };
		FE9D61582855E687006BFE2D /* WristWatchAppDelegate.swift */ = {isa = PBXFileReference; lastKnownFileType = sourcecode.swift; path = WristWatchAppDelegate.swift; sourceTree = "<group>"; };
		FE9D615B2855F6DF006BFE2D /* TODO.md */ = {isa = PBXFileReference; lastKnownFileType = net.daringfireball.markdown; path = TODO.md; sourceTree = "<group>"; };
		FEB675742854743D005771BD /* Awareness Watch.app */ = {isa = PBXFileReference; explicitFileType = wrapper.application; includeInIndex = 0; path = "Awareness Watch.app"; sourceTree = BUILT_PRODUCTS_DIR; };
		FEB675782854743D005771BD /* Ticky-Ticky.app */ = {isa = PBXFileReference; explicitFileType = wrapper.application; includeInIndex = 0; path = "Ticky-Ticky.app"; sourceTree = BUILT_PRODUCTS_DIR; };
		FEB6757D2854743E005771BD /* Assets.xcassets */ = {isa = PBXFileReference; lastKnownFileType = folder.assetcatalog; path = Assets.xcassets; sourceTree = "<group>"; };
		FEB675832854743E005771BD /* TickyTickyWatchAppExtension.appex */ = {isa = PBXFileReference; explicitFileType = "wrapper.app-extension"; includeInIndex = 0; path = TickyTickyWatchAppExtension.appex; sourceTree = BUILT_PRODUCTS_DIR; };
		FEB675882854743E005771BD /* WristWatchApp.swift */ = {isa = PBXFileReference; lastKnownFileType = sourcecode.swift; path = WristWatchApp.swift; sourceTree = "<group>"; };
		FEB6758A2854743E005771BD /* ContentView.swift */ = {isa = PBXFileReference; lastKnownFileType = sourcecode.swift; path = ContentView.swift; sourceTree = "<group>"; };
		FEB6758C2854743E005771BD /* NotificationController.swift */ = {isa = PBXFileReference; lastKnownFileType = sourcecode.swift; path = NotificationController.swift; sourceTree = "<group>"; };
		FEB6758E2854743E005771BD /* NotificationView.swift */ = {isa = PBXFileReference; lastKnownFileType = sourcecode.swift; path = NotificationView.swift; sourceTree = "<group>"; };
		FEB675902854743E005771BD /* ComplicationController.swift */ = {isa = PBXFileReference; lastKnownFileType = sourcecode.swift; path = ComplicationController.swift; sourceTree = "<group>"; };
		FEB675922854743E005771BD /* Assets.xcassets */ = {isa = PBXFileReference; lastKnownFileType = folder.assetcatalog; path = Assets.xcassets; sourceTree = "<group>"; };
		FEB675952854743E005771BD /* Preview Assets.xcassets */ = {isa = PBXFileReference; lastKnownFileType = folder.assetcatalog; path = "Preview Assets.xcassets"; sourceTree = "<group>"; };
		FEB675972854743E005771BD /* Info.plist */ = {isa = PBXFileReference; lastKnownFileType = text.plist.xml; path = Info.plist; sourceTree = "<group>"; };
		FEB6759D2854743E005771BD /* TickyTickyWatchTests.xctest */ = {isa = PBXFileReference; explicitFileType = wrapper.cfbundle; includeInIndex = 0; path = TickyTickyWatchTests.xctest; sourceTree = BUILT_PRODUCTS_DIR; };
		FEB675A12854743E005771BD /* WristWatchTests.swift */ = {isa = PBXFileReference; lastKnownFileType = sourcecode.swift; path = WristWatchTests.swift; sourceTree = "<group>"; };
		FEE8B18F291BED0E0070D270 /* SiteView.swift */ = {isa = PBXFileReference; lastKnownFileType = sourcecode.swift; path = SiteView.swift; sourceTree = "<group>"; };
/* End PBXFileReference section */

/* Begin PBXFrameworksBuildPhase section */
		FEB675802854743E005771BD /* Frameworks */ = {
			isa = PBXFrameworksBuildPhase;
			buildActionMask = 2147483647;
			files = (
				FE9D614D2855D069006BFE2D /* MapKit.framework in Frameworks */,
				FE9D614B2855D055006BFE2D /* HealthKit.framework in Frameworks */,
			);
			runOnlyForDeploymentPostprocessing = 0;
		};
		FEB6759A2854743E005771BD /* Frameworks */ = {
			isa = PBXFrameworksBuildPhase;
			buildActionMask = 2147483647;
			files = (
			);
			runOnlyForDeploymentPostprocessing = 0;
		};
/* End PBXFrameworksBuildPhase section */

/* Begin PBXGroup section */
		FE63AD91285F0EF100657A76 /* Services */ = {
			isa = PBXGroup;
			children = (
				FE9D61532855D76A006BFE2D /* Services.swift */,
				FE63AD8B285E07F000657A76 /* ExtendedSessionService.swift */,
				FE63AD8F285EFCA800657A76 /* AppStatePersistence.swift */,
			);
			path = Services;
			sourceTree = "<group>";
		};
		FE63AD92285F0F3500657A76 /* Views */ = {
			isa = PBXGroup;
			children = (
				FEB6758A2854743E005771BD /* ContentView.swift */,
				FE63AD8D285EFA0800657A76 /* MoreView.swift */,
				FEE8B18F291BED0E0070D270 /* SiteView.swift */,
			);
			path = Views;
			sourceTree = "<group>";
		};
		FE9D61382854986C006BFE2D /* PushPayloads */ = {
			isa = PBXGroup;
			children = (
				FE9D613B2854986C006BFE2D /* PushNotification-Simple.apns */,
				FE9D613A2854986C006BFE2D /* PushNotification-Buttons.apns */,
			);
			path = PushPayloads;
			sourceTree = "<group>";
		};
		FE9D61442855CFD5006BFE2D /* Gates */ = {
			isa = PBXGroup;
			children = (
				FE9D614E2855D259006BFE2D /* GatesKeeper.swift */,
				FE9D61422855CFC6006BFE2D /* PushNotificationsGate.swift */,
			);
			path = Gates;
			sourceTree = "<group>";
		};
		FE9D61452855CFE1006BFE2D /* Notifications */ = {
			isa = PBXGroup;
			children = (
				FEB6758C2854743E005771BD /* NotificationController.swift */,
				FEB6758E2854743E005771BD /* NotificationView.swift */,
			);
			path = Notifications;
			sourceTree = "<group>";
		};
		FE9D61462855CFEF006BFE2D /* Complications */ = {
			isa = PBXGroup;
			children = (
				FEB675902854743E005771BD /* ComplicationController.swift */,
			);
			path = Complications;
			sourceTree = "<group>";
		};
		FE9D61492855D055006BFE2D /* Frameworks */ = {
			isa = PBXGroup;
			children = (
				FE9D614C2855D069006BFE2D /* MapKit.framework */,
				FE9D614A2855D055006BFE2D /* HealthKit.framework */,
			);
			name = Frameworks;
			sourceTree = "<group>";
		};
		FE9D61502855D2F1006BFE2D /* Workforce */ = {
			isa = PBXGroup;
			children = (
				FE9D61442855CFD5006BFE2D /* Gates */,
				FE63AD91285F0EF100657A76 /* Services */,
				FE9D61552855D975006BFE2D /* Extensions */,
				FE9D61512855D307006BFE2D /* Logger.swift */,
			);
			path = Workforce;
			sourceTree = "<group>";
		};
		FE9D61552855D975006BFE2D /* Extensions */ = {
			isa = PBXGroup;
			children = (
				FE9D61562855D987006BFE2D /* DataExtensions.swift */,
				FE63AD93285F122F00657A76 /* WKHapticType.swift */,
			);
			path = Extensions;
			sourceTree = "<group>";
		};
		FE9D615A2855F6BE006BFE2D /* Documentation */ = {
			isa = PBXGroup;
			children = (
				FE9D615B2855F6DF006BFE2D /* TODO.md */,
			);
			path = Documentation;
			sourceTree = "<group>";
		};
		FEB6756D2854743D005771BD = {
			isa = PBXGroup;
			children = (
				FEB6757C2854743D005771BD /* WristWatchApp */,
				FEB675872854743E005771BD /* WristWatchExtension */,
				FEB675A02854743E005771BD /* WristWatchTests */,
				FE9D61382854986C006BFE2D /* PushPayloads */,
				FE9D615A2855F6BE006BFE2D /* Documentation */,
				FEB675752854743D005771BD /* Products */,
				FE9D61492855D055006BFE2D /* Frameworks */,
			);
			sourceTree = "<group>";
		};
		FEB675752854743D005771BD /* Products */ = {
			isa = PBXGroup;
			children = (
				FEB675742854743D005771BD /* Awareness Watch.app */,
				FEB675782854743D005771BD /* Ticky-Ticky.app */,
				FEB675832854743E005771BD /* TickyTickyWatchAppExtension.appex */,
				FEB6759D2854743E005771BD /* TickyTickyWatchTests.xctest */,
			);
			name = Products;
			sourceTree = "<group>";
		};
		FEB6757C2854743D005771BD /* WristWatchApp */ = {
			isa = PBXGroup;
			children = (
				FE9D61472855D023006BFE2D /* AwarenessApp.entitlements */,
				FEB6757D2854743E005771BD /* Assets.xcassets */,
			);
			path = WristWatchApp;
			sourceTree = "<group>";
		};
		FEB675872854743E005771BD /* WristWatchExtension */ = {
			isa = PBXGroup;
			children = (
				FEB675882854743E005771BD /* WristWatchApp.swift */,
				FE9D61582855E687006BFE2D /* WristWatchAppDelegate.swift */,
				FE63AD92285F0F3500657A76 /* Views */,
				FE9D61502855D2F1006BFE2D /* Workforce */,
				FE9D61462855CFEF006BFE2D /* Complications */,
				FE9D61452855CFE1006BFE2D /* Notifications */,
				FEB675922854743E005771BD /* Assets.xcassets */,
				FE9D61482855D02C006BFE2D /* AwarenessExtension.entitlements */,
				FEB675972854743E005771BD /* Info.plist */,
				FEB675942854743E005771BD /* Preview Content */,
			);
			path = WristWatchExtension;
			sourceTree = "<group>";
		};
		FEB675942854743E005771BD /* Preview Content */ = {
			isa = PBXGroup;
			children = (
				FEB675952854743E005771BD /* Preview Assets.xcassets */,
			);
			path = "Preview Content";
			sourceTree = "<group>";
		};
		FEB675A02854743E005771BD /* WristWatchTests */ = {
			isa = PBXGroup;
			children = (
				FEB675A12854743E005771BD /* WristWatchTests.swift */,
			);
			path = WristWatchTests;
			sourceTree = "<group>";
		};
/* End PBXGroup section */

/* Begin PBXNativeTarget section */
		FEB675732854743D005771BD /* TickyTickyWatch */ = {
			isa = PBXNativeTarget;
			buildConfigurationList = FEB675B92854743E005771BD /* Build configuration list for PBXNativeTarget "TickyTickyWatch" */;
			buildPhases = (
				FEB675722854743D005771BD /* Resources */,
				FEB675B82854743E005771BD /* Embed Watch Content */,
			);
			buildRules = (
			);
			dependencies = (
				FEB6757B2854743D005771BD /* PBXTargetDependency */,
			);
			name = TickyTickyWatch;
			productName = WristWatch;
			productReference = FEB675742854743D005771BD /* Awareness Watch.app */;
			productType = "com.apple.product-type.application.watchapp2-container";
		};
		FEB675772854743D005771BD /* TickyTickyWatchApp */ = {
			isa = PBXNativeTarget;
			buildConfigurationList = FEB675B52854743E005771BD /* Build configuration list for PBXNativeTarget "TickyTickyWatchApp" */;
			buildPhases = (
				FEB675762854743D005771BD /* Resources */,
				FEB675B42854743E005771BD /* Embed App Extensions */,
			);
			buildRules = (
			);
			dependencies = (
				FEB675862854743E005771BD /* PBXTargetDependency */,
			);
			name = TickyTickyWatchApp;
			productName = "WristWatch WatchKit App";
			productReference = FEB675782854743D005771BD /* Ticky-Ticky.app */;
			productType = "com.apple.product-type.application.watchapp2";
		};
		FEB675822854743E005771BD /* TickyTickyWatchAppExtension */ = {
			isa = PBXNativeTarget;
			buildConfigurationList = FEB675B12854743E005771BD /* Build configuration list for PBXNativeTarget "TickyTickyWatchAppExtension" */;
			buildPhases = (
				FEB6757F2854743E005771BD /* Sources */,
				FEB675802854743E005771BD /* Frameworks */,
				FEB675812854743E005771BD /* Resources */,
			);
			buildRules = (
			);
			dependencies = (
			);
			name = TickyTickyWatchAppExtension;
			productName = "WristWatch WatchKit Extension";
			productReference = FEB675832854743E005771BD /* TickyTickyWatchAppExtension.appex */;
			productType = "com.apple.product-type.watchkit2-extension";
		};
		FEB6759C2854743E005771BD /* TickyTickyWatchTests */ = {
			isa = PBXNativeTarget;
			buildConfigurationList = FEB675BC2854743E005771BD /* Build configuration list for PBXNativeTarget "TickyTickyWatchTests" */;
			buildPhases = (
				FEB675992854743E005771BD /* Sources */,
				FEB6759A2854743E005771BD /* Frameworks */,
				FEB6759B2854743E005771BD /* Resources */,
			);
			buildRules = (
			);
			dependencies = (
				FEB6759F2854743E005771BD /* PBXTargetDependency */,
			);
			name = TickyTickyWatchTests;
			productName = WristWatchTests;
			productReference = FEB6759D2854743E005771BD /* TickyTickyWatchTests.xctest */;
			productType = "com.apple.product-type.bundle.unit-test";
		};
/* End PBXNativeTarget section */

/* Begin PBXProject section */
		FEB6756E2854743D005771BD /* Project object */ = {
			isa = PBXProject;
			attributes = {
				BuildIndependentTargetsInParallel = 1;
				LastSwiftUpdateCheck = 1340;
				LastUpgradeCheck = 1340;
				TargetAttributes = {
					FEB675732854743D005771BD = {
						CreatedOnToolsVersion = 13.4;
					};
					FEB675772854743D005771BD = {
						CreatedOnToolsVersion = 13.4;
					};
					FEB675822854743E005771BD = {
						CreatedOnToolsVersion = 13.4;
					};
					FEB6759C2854743E005771BD = {
						CreatedOnToolsVersion = 13.4;
						TestTargetID = FEB675822854743E005771BD;
					};
				};
			};
			buildConfigurationList = FEB675712854743D005771BD /* Build configuration list for PBXProject "WristWatch" */;
			compatibilityVersion = "Xcode 13.0";
			developmentRegion = en;
			hasScannedForEncodings = 0;
			knownRegions = (
				en,
				Base,
			);
			mainGroup = FEB6756D2854743D005771BD;
			productRefGroup = FEB675752854743D005771BD /* Products */;
			projectDirPath = "";
			projectRoot = "";
			targets = (
				FEB675732854743D005771BD /* TickyTickyWatch */,
				FEB675772854743D005771BD /* TickyTickyWatchApp */,
				FEB675822854743E005771BD /* TickyTickyWatchAppExtension */,
				FEB6759C2854743E005771BD /* TickyTickyWatchTests */,
			);
		};
/* End PBXProject section */

/* Begin PBXResourcesBuildPhase section */
		FEB675722854743D005771BD /* Resources */ = {
			isa = PBXResourcesBuildPhase;
			buildActionMask = 2147483647;
			files = (
			);
			runOnlyForDeploymentPostprocessing = 0;
		};
		FEB675762854743D005771BD /* Resources */ = {
			isa = PBXResourcesBuildPhase;
			buildActionMask = 2147483647;
			files = (
				FEB6757E2854743E005771BD /* Assets.xcassets in Resources */,
			);
			runOnlyForDeploymentPostprocessing = 0;
		};
		FEB675812854743E005771BD /* Resources */ = {
			isa = PBXResourcesBuildPhase;
			buildActionMask = 2147483647;
			files = (
				FE9D613E2854986C006BFE2D /* PushNotification-Simple.apns in Resources */,
				FEB675962854743E005771BD /* Preview Assets.xcassets in Resources */,
				FE9D613D2854986C006BFE2D /* PushNotification-Buttons.apns in Resources */,
				FEB675932854743E005771BD /* Assets.xcassets in Resources */,
			);
			runOnlyForDeploymentPostprocessing = 0;
		};
		FEB6759B2854743E005771BD /* Resources */ = {
			isa = PBXResourcesBuildPhase;
			buildActionMask = 2147483647;
			files = (
			);
			runOnlyForDeploymentPostprocessing = 0;
		};
/* End PBXResourcesBuildPhase section */

/* Begin PBXSourcesBuildPhase section */
		FEB6757F2854743E005771BD /* Sources */ = {
			isa = PBXSourcesBuildPhase;
			buildActionMask = 2147483647;
			files = (
				FEB6758D2854743E005771BD /* NotificationController.swift in Sources */,
				FEB6758B2854743E005771BD /* ContentView.swift in Sources */,
				FE9D614F2855D259006BFE2D /* GatesKeeper.swift in Sources */,
				FE9D61572855D987006BFE2D /* DataExtensions.swift in Sources */,
				FE9D61592855E687006BFE2D /* WristWatchAppDelegate.swift in Sources */,
				FE63AD8E285EFA0800657A76 /* MoreView.swift in Sources */,
				FE63AD8C285E07F000657A76 /* ExtendedSessionService.swift in Sources */,
				FEB675912854743E005771BD /* ComplicationController.swift in Sources */,
				FEB675892854743E005771BD /* WristWatchApp.swift in Sources */,
				FEE8B190291BED0E0070D270 /* SiteView.swift in Sources */,
				FE63AD90285EFCA800657A76 /* AppStatePersistence.swift in Sources */,
				FEB6758F2854743E005771BD /* NotificationView.swift in Sources */,
				FE9D61432855CFC6006BFE2D /* PushNotificationsGate.swift in Sources */,
				FE63AD94285F122F00657A76 /* WKHapticType.swift in Sources */,
				FE9D61542855D76A006BFE2D /* Services.swift in Sources */,
				FE9D61522855D307006BFE2D /* Logger.swift in Sources */,
			);
			runOnlyForDeploymentPostprocessing = 0;
		};
		FEB675992854743E005771BD /* Sources */ = {
			isa = PBXSourcesBuildPhase;
			buildActionMask = 2147483647;
			files = (
				FEB675A22854743E005771BD /* WristWatchTests.swift in Sources */,
			);
			runOnlyForDeploymentPostprocessing = 0;
		};
/* End PBXSourcesBuildPhase section */

/* Begin PBXTargetDependency section */
		FEB6757B2854743D005771BD /* PBXTargetDependency */ = {
			isa = PBXTargetDependency;
			target = FEB675772854743D005771BD /* TickyTickyWatchApp */;
			targetProxy = FEB6757A2854743D005771BD /* PBXContainerItemProxy */;
		};
		FEB675862854743E005771BD /* PBXTargetDependency */ = {
			isa = PBXTargetDependency;
			target = FEB675822854743E005771BD /* TickyTickyWatchAppExtension */;
			targetProxy = FEB675852854743E005771BD /* PBXContainerItemProxy */;
		};
		FEB6759F2854743E005771BD /* PBXTargetDependency */ = {
			isa = PBXTargetDependency;
			target = FEB675822854743E005771BD /* TickyTickyWatchAppExtension */;
			targetProxy = FEB6759E2854743E005771BD /* PBXContainerItemProxy */;
		};
/* End PBXTargetDependency section */

/* Begin XCBuildConfiguration section */
		FEB675AF2854743E005771BD /* Debug */ = {
			isa = XCBuildConfiguration;
			buildSettings = {
				ALWAYS_SEARCH_USER_PATHS = NO;
				CLANG_ANALYZER_NONNULL = YES;
				CLANG_ANALYZER_NUMBER_OBJECT_CONVERSION = YES_AGGRESSIVE;
				CLANG_CXX_LANGUAGE_STANDARD = "gnu++17";
				CLANG_ENABLE_MODULES = YES;
				CLANG_ENABLE_OBJC_ARC = YES;
				CLANG_ENABLE_OBJC_WEAK = YES;
				CLANG_WARN_BLOCK_CAPTURE_AUTORELEASING = YES;
				CLANG_WARN_BOOL_CONVERSION = YES;
				CLANG_WARN_COMMA = YES;
				CLANG_WARN_CONSTANT_CONVERSION = YES;
				CLANG_WARN_DEPRECATED_OBJC_IMPLEMENTATIONS = YES;
				CLANG_WARN_DIRECT_OBJC_ISA_USAGE = YES_ERROR;
				CLANG_WARN_DOCUMENTATION_COMMENTS = YES;
				CLANG_WARN_EMPTY_BODY = YES;
				CLANG_WARN_ENUM_CONVERSION = YES;
				CLANG_WARN_INFINITE_RECURSION = YES;
				CLANG_WARN_INT_CONVERSION = YES;
				CLANG_WARN_NON_LITERAL_NULL_CONVERSION = YES;
				CLANG_WARN_OBJC_IMPLICIT_RETAIN_SELF = YES;
				CLANG_WARN_OBJC_LITERAL_CONVERSION = YES;
				CLANG_WARN_OBJC_ROOT_CLASS = YES_ERROR;
				CLANG_WARN_QUOTED_INCLUDE_IN_FRAMEWORK_HEADER = YES;
				CLANG_WARN_RANGE_LOOP_ANALYSIS = YES;
				CLANG_WARN_STRICT_PROTOTYPES = YES;
				CLANG_WARN_SUSPICIOUS_MOVE = YES;
				CLANG_WARN_UNGUARDED_AVAILABILITY = YES_AGGRESSIVE;
				CLANG_WARN_UNREACHABLE_CODE = YES;
				CLANG_WARN__DUPLICATE_METHOD_MATCH = YES;
				COPY_PHASE_STRIP = NO;
				DEBUG_INFORMATION_FORMAT = dwarf;
				ENABLE_STRICT_OBJC_MSGSEND = YES;
				ENABLE_TESTABILITY = YES;
				GCC_C_LANGUAGE_STANDARD = gnu11;
				GCC_DYNAMIC_NO_PIC = NO;
				GCC_NO_COMMON_BLOCKS = YES;
				GCC_OPTIMIZATION_LEVEL = 0;
				GCC_PREPROCESSOR_DEFINITIONS = (
					"DEBUG=1",
					"$(inherited)",
				);
				GCC_WARN_64_TO_32_BIT_CONVERSION = YES;
				GCC_WARN_ABOUT_RETURN_TYPE = YES_ERROR;
				GCC_WARN_UNDECLARED_SELECTOR = YES;
				GCC_WARN_UNINITIALIZED_AUTOS = YES_AGGRESSIVE;
				GCC_WARN_UNUSED_FUNCTION = YES;
				GCC_WARN_UNUSED_VARIABLE = YES;
				IPHONEOS_DEPLOYMENT_TARGET = 14.0;
				MTL_ENABLE_DEBUG_INFO = INCLUDE_SOURCE;
				MTL_FAST_MATH = YES;
				ONLY_ACTIVE_ARCH = YES;
				SDKROOT = iphoneos;
				SWIFT_ACTIVE_COMPILATION_CONDITIONS = DEBUG;
				SWIFT_OPTIMIZATION_LEVEL = "-Onone";
				WATCHOS_DEPLOYMENT_TARGET = 8.0;
			};
			name = Debug;
		};
		FEB675B02854743E005771BD /* Release */ = {
			isa = XCBuildConfiguration;
			buildSettings = {
				ALWAYS_SEARCH_USER_PATHS = NO;
				CLANG_ANALYZER_NONNULL = YES;
				CLANG_ANALYZER_NUMBER_OBJECT_CONVERSION = YES_AGGRESSIVE;
				CLANG_CXX_LANGUAGE_STANDARD = "gnu++17";
				CLANG_ENABLE_MODULES = YES;
				CLANG_ENABLE_OBJC_ARC = YES;
				CLANG_ENABLE_OBJC_WEAK = YES;
				CLANG_WARN_BLOCK_CAPTURE_AUTORELEASING = YES;
				CLANG_WARN_BOOL_CONVERSION = YES;
				CLANG_WARN_COMMA = YES;
				CLANG_WARN_CONSTANT_CONVERSION = YES;
				CLANG_WARN_DEPRECATED_OBJC_IMPLEMENTATIONS = YES;
				CLANG_WARN_DIRECT_OBJC_ISA_USAGE = YES_ERROR;
				CLANG_WARN_DOCUMENTATION_COMMENTS = YES;
				CLANG_WARN_EMPTY_BODY = YES;
				CLANG_WARN_ENUM_CONVERSION = YES;
				CLANG_WARN_INFINITE_RECURSION = YES;
				CLANG_WARN_INT_CONVERSION = YES;
				CLANG_WARN_NON_LITERAL_NULL_CONVERSION = YES;
				CLANG_WARN_OBJC_IMPLICIT_RETAIN_SELF = YES;
				CLANG_WARN_OBJC_LITERAL_CONVERSION = YES;
				CLANG_WARN_OBJC_ROOT_CLASS = YES_ERROR;
				CLANG_WARN_QUOTED_INCLUDE_IN_FRAMEWORK_HEADER = YES;
				CLANG_WARN_RANGE_LOOP_ANALYSIS = YES;
				CLANG_WARN_STRICT_PROTOTYPES = YES;
				CLANG_WARN_SUSPICIOUS_MOVE = YES;
				CLANG_WARN_UNGUARDED_AVAILABILITY = YES_AGGRESSIVE;
				CLANG_WARN_UNREACHABLE_CODE = YES;
				CLANG_WARN__DUPLICATE_METHOD_MATCH = YES;
				COPY_PHASE_STRIP = NO;
				DEBUG_INFORMATION_FORMAT = "dwarf-with-dsym";
				ENABLE_NS_ASSERTIONS = NO;
				ENABLE_STRICT_OBJC_MSGSEND = YES;
				GCC_C_LANGUAGE_STANDARD = gnu11;
				GCC_NO_COMMON_BLOCKS = YES;
				GCC_WARN_64_TO_32_BIT_CONVERSION = YES;
				GCC_WARN_ABOUT_RETURN_TYPE = YES_ERROR;
				GCC_WARN_UNDECLARED_SELECTOR = YES;
				GCC_WARN_UNINITIALIZED_AUTOS = YES_AGGRESSIVE;
				GCC_WARN_UNUSED_FUNCTION = YES;
				GCC_WARN_UNUSED_VARIABLE = YES;
				IPHONEOS_DEPLOYMENT_TARGET = 14.0;
				MTL_ENABLE_DEBUG_INFO = NO;
				MTL_FAST_MATH = YES;
				SDKROOT = iphoneos;
				SWIFT_COMPILATION_MODE = wholemodule;
				SWIFT_OPTIMIZATION_LEVEL = "-O";
				VALIDATE_PRODUCT = YES;
				WATCHOS_DEPLOYMENT_TARGET = 8.0;
			};
			name = Release;
		};
		FEB675B22854743E005771BD /* Debug */ = {
			isa = XCBuildConfiguration;
			buildSettings = {
				ASSETCATALOG_COMPILER_COMPLICATION_NAME = Complication;
				CODE_SIGN_ENTITLEMENTS = WristWatchExtension/AwarenessExtension.entitlements;
				CODE_SIGN_IDENTITY = "iPhone Developer";
				CODE_SIGN_STYLE = Manual;
				CURRENT_PROJECT_VERSION = 1;
				DEVELOPMENT_ASSET_PATHS = "\"WristWatchExtension/Preview Content\"";
				DEVELOPMENT_TEAM = J6252NJ42R;
				ENABLE_PREVIEWS = YES;
				GENERATE_INFOPLIST_FILE = YES;
				INFOPLIST_FILE = WristWatchExtension/Info.plist;
				INFOPLIST_KEY_CFBundleDisplayName = "Ticky-Ticky";
				INFOPLIST_KEY_CLKComplicationPrincipalClass = WristWatchExtension.ComplicationController;
				INFOPLIST_KEY_NSHumanReadableCopyright = "";
				INFOPLIST_KEY_WKWatchOnly = YES;
				LD_RUNPATH_SEARCH_PATHS = (
					"$(inherited)",
					"@executable_path/Frameworks",
					"@executable_path/../../Frameworks",
				);
				MARKETING_VERSION = 1.1.1;
				PRODUCT_BUNDLE_IDENTIFIER = bucha.kanstantsin.watchos.awareness.watchapp.extension;
				PRODUCT_NAME = "${TARGET_NAME}";
				PROVISIONING_PROFILE_SPECIFIER = "match Development bucha.kanstantsin.watchos.awareness.watchapp.extension";
				SDKROOT = watchos;
				SKIP_INSTALL = YES;
				SWIFT_EMIT_LOC_STRINGS = YES;
				SWIFT_VERSION = 5.0;
				TARGETED_DEVICE_FAMILY = 4;
				WATCHOS_DEPLOYMENT_TARGET = 8.0;
			};
			name = Debug;
		};
		FEB675B32854743E005771BD /* Release */ = {
			isa = XCBuildConfiguration;
			buildSettings = {
				ASSETCATALOG_COMPILER_COMPLICATION_NAME = Complication;
				CODE_SIGN_ENTITLEMENTS = WristWatchExtension/AwarenessExtension.entitlements;
				CODE_SIGN_IDENTITY = "iPhone Developer";
				CODE_SIGN_STYLE = Manual;
				CURRENT_PROJECT_VERSION = 1;
				DEVELOPMENT_ASSET_PATHS = "\"WristWatchExtension/Preview Content\"";
				DEVELOPMENT_TEAM = J6252NJ42R;
				ENABLE_PREVIEWS = YES;
				GENERATE_INFOPLIST_FILE = YES;
				INFOPLIST_FILE = WristWatchExtension/Info.plist;
				INFOPLIST_KEY_CFBundleDisplayName = "Ticky-Ticky";
				INFOPLIST_KEY_CLKComplicationPrincipalClass = WristWatchExtension.ComplicationController;
				INFOPLIST_KEY_NSHumanReadableCopyright = "";
				INFOPLIST_KEY_WKWatchOnly = YES;
				LD_RUNPATH_SEARCH_PATHS = (
					"$(inherited)",
					"@executable_path/Frameworks",
					"@executable_path/../../Frameworks",
				);
				MARKETING_VERSION = 1.1.1;
				PRODUCT_BUNDLE_IDENTIFIER = bucha.kanstantsin.watchos.awareness.watchapp.extension;
				PRODUCT_NAME = "${TARGET_NAME}";
				PROVISIONING_PROFILE_SPECIFIER = "match Development bucha.kanstantsin.watchos.awareness.watchapp.extension";
				SDKROOT = watchos;
				SKIP_INSTALL = YES;
				SWIFT_EMIT_LOC_STRINGS = YES;
				SWIFT_VERSION = 5.0;
				TARGETED_DEVICE_FAMILY = 4;
				WATCHOS_DEPLOYMENT_TARGET = 8.0;
			};
			name = Release;
		};
		FEB675B62854743E005771BD /* Debug */ = {
			isa = XCBuildConfiguration;
			buildSettings = {
				ALWAYS_EMBED_SWIFT_STANDARD_LIBRARIES = YES;
				ASSETCATALOG_COMPILER_APPICON_NAME = AppIcon;
				ASSETCATALOG_COMPILER_GLOBAL_ACCENT_COLOR_NAME = AccentColor;
				CODE_SIGN_ENTITLEMENTS = WristWatchApp/AwarenessApp.entitlements;
				CODE_SIGN_IDENTITY = "iPhone Developer";
				CODE_SIGN_STYLE = Manual;
				CURRENT_PROJECT_VERSION = 1;
				DEVELOPMENT_TEAM = J6252NJ42R;
				GENERATE_INFOPLIST_FILE = YES;
				IBSC_MODULE = AwarenessExtension;
				INFOPLIST_KEY_UISupportedInterfaceOrientations = "UIInterfaceOrientationPortrait UIInterfaceOrientationPortraitUpsideDown";
				MARKETING_VERSION = 1.1.1;
				PRODUCT_BUNDLE_IDENTIFIER = bucha.kanstantsin.watchos.awareness.watchapp;
				PRODUCT_NAME = "Ticky-Ticky";
				PROVISIONING_PROFILE_SPECIFIER = "match Development bucha.kanstantsin.watchos.awareness.watchapp";
				SDKROOT = watchos;
				SKIP_INSTALL = YES;
				SWIFT_EMIT_LOC_STRINGS = YES;
				SWIFT_VERSION = 5.0;
				TARGETED_DEVICE_FAMILY = 4;
				WATCHOS_DEPLOYMENT_TARGET = 8.0;
			};
			name = Debug;
		};
		FEB675B72854743E005771BD /* Release */ = {
			isa = XCBuildConfiguration;
			buildSettings = {
				ALWAYS_EMBED_SWIFT_STANDARD_LIBRARIES = YES;
				ASSETCATALOG_COMPILER_APPICON_NAME = AppIcon;
				ASSETCATALOG_COMPILER_GLOBAL_ACCENT_COLOR_NAME = AccentColor;
				CODE_SIGN_ENTITLEMENTS = WristWatchApp/AwarenessApp.entitlements;
				CODE_SIGN_IDENTITY = "iPhone Developer";
				CODE_SIGN_STYLE = Manual;
				CURRENT_PROJECT_VERSION = 1;
				DEVELOPMENT_TEAM = J6252NJ42R;
				GENERATE_INFOPLIST_FILE = YES;
				IBSC_MODULE = AwarenessExtension;
				INFOPLIST_KEY_UISupportedInterfaceOrientations = "UIInterfaceOrientationPortrait UIInterfaceOrientationPortraitUpsideDown";
				MARKETING_VERSION = 1.1.1;
				PRODUCT_BUNDLE_IDENTIFIER = bucha.kanstantsin.watchos.awareness.watchapp;
				PRODUCT_NAME = "Ticky-Ticky";
				PROVISIONING_PROFILE_SPECIFIER = "match Development bucha.kanstantsin.watchos.awareness.watchapp";
				SDKROOT = watchos;
				SKIP_INSTALL = YES;
				SWIFT_EMIT_LOC_STRINGS = YES;
				SWIFT_VERSION = 5.0;
				TARGETED_DEVICE_FAMILY = 4;
				WATCHOS_DEPLOYMENT_TARGET = 8.0;
			};
			name = Release;
		};
		FEB675BA2854743E005771BD /* Debug */ = {
			isa = XCBuildConfiguration;
			buildSettings = {
				CODE_SIGN_IDENTITY = "iPhone Developer";
				CODE_SIGN_STYLE = Manual;
				CURRENT_PROJECT_VERSION = 1;
				DEVELOPMENT_TEAM = J6252NJ42R;
				MARKETING_VERSION = 1.1.1;
				PRODUCT_BUNDLE_IDENTIFIER = bucha.kanstantsin.watchos.awareness;
				PRODUCT_NAME = "Awareness Watch";
				PROVISIONING_PROFILE_SPECIFIER = "match Development bucha.kanstantsin.watchos.awareness";
				SWIFT_VERSION = 5.0;
			};
			name = Debug;
		};
		FEB675BB2854743E005771BD /* Release */ = {
			isa = XCBuildConfiguration;
			buildSettings = {
				CODE_SIGN_IDENTITY = "iPhone Developer";
				CODE_SIGN_STYLE = Manual;
				CURRENT_PROJECT_VERSION = 1;
				DEVELOPMENT_TEAM = J6252NJ42R;
				MARKETING_VERSION = 1.1.1;
				PRODUCT_BUNDLE_IDENTIFIER = bucha.kanstantsin.watchos.awareness;
				PRODUCT_NAME = "Awareness Watch";
				PROVISIONING_PROFILE_SPECIFIER = "match Development bucha.kanstantsin.watchos.awareness";
				SWIFT_VERSION = 5.0;
			};
			name = Release;
		};
		FEB675BD2854743E005771BD /* Debug */ = {
			isa = XCBuildConfiguration;
			buildSettings = {
				ALWAYS_EMBED_SWIFT_STANDARD_LIBRARIES = YES;
				BUNDLE_LOADER = "$(TEST_HOST)";
				CODE_SIGN_STYLE = Automatic;
				CURRENT_PROJECT_VERSION = 1;
				DEVELOPMENT_TEAM = J6252NJ42R;
				GENERATE_INFOPLIST_FILE = YES;
				MARKETING_VERSION = 1.0;
				PRODUCT_BUNDLE_IDENTIFIER = com.kanstantsinbucha.watch.WristWatchTests;
				PRODUCT_NAME = "$(TARGET_NAME)";
				SDKROOT = watchos;
				SWIFT_EMIT_LOC_STRINGS = NO;
				SWIFT_VERSION = 5.0;
				TARGETED_DEVICE_FAMILY = 4;
				TEST_HOST = "$(BUILT_PRODUCTS_DIR)/TickyTickyWatchAppExtension.appex/$(BUNDLE_EXECUTABLE_FOLDER_PATH)/TickyTickyWatchAppExtension";
				WATCHOS_DEPLOYMENT_TARGET = 8.0;
			};
			name = Debug;
		};
		FEB675BE2854743E005771BD /* Release */ = {
			isa = XCBuildConfiguration;
			buildSettings = {
				ALWAYS_EMBED_SWIFT_STANDARD_LIBRARIES = YES;
				BUNDLE_LOADER = "$(TEST_HOST)";
				CODE_SIGN_STYLE = Automatic;
				CURRENT_PROJECT_VERSION = 1;
				DEVELOPMENT_TEAM = J6252NJ42R;
				GENERATE_INFOPLIST_FILE = YES;
				MARKETING_VERSION = 1.0;
				PRODUCT_BUNDLE_IDENTIFIER = com.kanstantsinbucha.watch.WristWatchTests;
				PRODUCT_NAME = "$(TARGET_NAME)";
				SDKROOT = watchos;
				SWIFT_EMIT_LOC_STRINGS = NO;
				SWIFT_VERSION = 5.0;
				TARGETED_DEVICE_FAMILY = 4;
				TEST_HOST = "$(BUILT_PRODUCTS_DIR)/TickyTickyWatchAppExtension.appex/$(BUNDLE_EXECUTABLE_FOLDER_PATH)/TickyTickyWatchAppExtension";
				WATCHOS_DEPLOYMENT_TARGET = 8.0;
			};
			name = Release;
		};
/* End XCBuildConfiguration section */

/* Begin XCConfigurationList section */
		FEB675712854743D005771BD /* Build configuration list for PBXProject "WristWatch" */ = {
			isa = XCConfigurationList;
			buildConfigurations = (
				FEB675AF2854743E005771BD /* Debug */,
				FEB675B02854743E005771BD /* Release */,
			);
			defaultConfigurationIsVisible = 0;
			defaultConfigurationName = Release;
		};
		FEB675B12854743E005771BD /* Build configuration list for PBXNativeTarget "TickyTickyWatchAppExtension" */ = {
			isa = XCConfigurationList;
			buildConfigurations = (
				FEB675B22854743E005771BD /* Debug */,
				FEB675B32854743E005771BD /* Release */,
			);
			defaultConfigurationIsVisible = 0;
			defaultConfigurationName = Release;
		};
		FEB675B52854743E005771BD /* Build configuration list for PBXNativeTarget "TickyTickyWatchApp" */ = {
			isa = XCConfigurationList;
			buildConfigurations = (
				FEB675B62854743E005771BD /* Debug */,
				FEB675B72854743E005771BD /* Release */,
			);
			defaultConfigurationIsVisible = 0;
			defaultConfigurationName = Release;
		};
		FEB675B92854743E005771BD /* Build configuration list for PBXNativeTarget "TickyTickyWatch" */ = {
			isa = XCConfigurationList;
			buildConfigurations = (
				FEB675BA2854743E005771BD /* Debug */,
				FEB675BB2854743E005771BD /* Release */,
			);
			defaultConfigurationIsVisible = 0;
			defaultConfigurationName = Release;
		};
		FEB675BC2854743E005771BD /* Build configuration list for PBXNativeTarget "TickyTickyWatchTests" */ = {
			isa = XCConfigurationList;
			buildConfigurations = (
				FEB675BD2854743E005771BD /* Debug */,
				FEB675BE2854743E005771BD /* Release */,
			);
			defaultConfigurationIsVisible = 0;
			defaultConfigurationName = Release;
		};
/* End XCConfigurationList section */
	};
	rootObject = FEB6756E2854743D005771BD /* Project object */;
}
